// !$*UTF8*$!
{
	archiveVersion = 1;
	classes = {
	};
	objectVersion = 56;
	objects = {

/* Begin PBXBuildFile section */
		8424884229C8551200EEBA8B /* MainView.swift in Sources */ = {isa = PBXBuildFile; fileRef = 8424884129C8551200EEBA8B /* MainView.swift */; };
		8424884429C8563800EEBA8B /* UIStackView+Extension.swift in Sources */ = {isa = PBXBuildFile; fileRef = 8424884329C8563800EEBA8B /* UIStackView+Extension.swift */; };
		8424884629C8570300EEBA8B /* DynamicLabel.swift in Sources */ = {isa = PBXBuildFile; fileRef = 8424884529C8570300EEBA8B /* DynamicLabel.swift */; };
		84248C5B29C859FD00EEBA8B /* UIColor+Extensions.swift in Sources */ = {isa = PBXBuildFile; fileRef = 84248C5A29C859FD00EEBA8B /* UIColor+Extensions.swift */; };
		84248C5E29C8612400EEBA8B /* SnapKit in Frameworks */ = {isa = PBXBuildFile; productRef = 84248C5D29C8612400EEBA8B /* SnapKit */; };
		84248C6029C871F300EEBA8B /* UIView+Extensions.swift in Sources */ = {isa = PBXBuildFile; fileRef = 84248C5F29C871F300EEBA8B /* UIView+Extensions.swift */; };
		8444EC2029C4D2D2009DF73F /* AppDelegate.swift in Sources */ = {isa = PBXBuildFile; fileRef = 8444EC1F29C4D2D2009DF73F /* AppDelegate.swift */; };
		8444EC2429C4D2D2009DF73F /* MainViewController.swift in Sources */ = {isa = PBXBuildFile; fileRef = 8444EC2329C4D2D2009DF73F /* MainViewController.swift */; };
		8444EC2929C4D2D3009DF73F /* Assets.xcassets in Resources */ = {isa = PBXBuildFile; fileRef = 8444EC2829C4D2D3009DF73F /* Assets.xcassets */; };
		8444EC2C29C4D2D3009DF73F /* LaunchScreen.storyboard in Resources */ = {isa = PBXBuildFile; fileRef = 8444EC2A29C4D2D3009DF73F /* LaunchScreen.storyboard */; };
/* End PBXBuildFile section */

/* Begin PBXFileReference section */
		8424884129C8551200EEBA8B /* MainView.swift */ = {isa = PBXFileReference; lastKnownFileType = sourcecode.swift; path = MainView.swift; sourceTree = "<group>"; };
		8424884329C8563800EEBA8B /* UIStackView+Extension.swift */ = {isa = PBXFileReference; lastKnownFileType = sourcecode.swift; path = "UIStackView+Extension.swift"; sourceTree = "<group>"; };
		8424884529C8570300EEBA8B /* DynamicLabel.swift */ = {isa = PBXFileReference; lastKnownFileType = sourcecode.swift; path = DynamicLabel.swift; sourceTree = "<group>"; };
		84248C5A29C859FD00EEBA8B /* UIColor+Extensions.swift */ = {isa = PBXFileReference; lastKnownFileType = sourcecode.swift; path = "UIColor+Extensions.swift"; sourceTree = "<group>"; };
		84248C5F29C871F300EEBA8B /* UIView+Extensions.swift */ = {isa = PBXFileReference; lastKnownFileType = sourcecode.swift; path = "UIView+Extensions.swift"; sourceTree = "<group>"; };
		8444EC1C29C4D2D2009DF73F /* e-Locator.app */ = {isa = PBXFileReference; explicitFileType = wrapper.application; includeInIndex = 0; path = "e-Locator.app"; sourceTree = BUILT_PRODUCTS_DIR; };
		8444EC1F29C4D2D2009DF73F /* AppDelegate.swift */ = {isa = PBXFileReference; lastKnownFileType = sourcecode.swift; path = AppDelegate.swift; sourceTree = "<group>"; };
		8444EC2329C4D2D2009DF73F /* MainViewController.swift */ = {isa = PBXFileReference; lastKnownFileType = sourcecode.swift; path = MainViewController.swift; sourceTree = "<group>"; };
		8444EC2829C4D2D3009DF73F /* Assets.xcassets */ = {isa = PBXFileReference; lastKnownFileType = folder.assetcatalog; path = Assets.xcassets; sourceTree = "<group>"; };
		8444EC2B29C4D2D3009DF73F /* Base */ = {isa = PBXFileReference; lastKnownFileType = file.storyboard; name = Base; path = Base.lproj/LaunchScreen.storyboard; sourceTree = "<group>"; };
		8444EC2D29C4D2D3009DF73F /* Info.plist */ = {isa = PBXFileReference; lastKnownFileType = text.plist.xml; path = Info.plist; sourceTree = "<group>"; };
/* End PBXFileReference section */

/* Begin PBXFrameworksBuildPhase section */
		8444EC1929C4D2D2009DF73F /* Frameworks */ = {
			isa = PBXFrameworksBuildPhase;
			buildActionMask = 2147483647;
			files = (
				84248C5E29C8612400EEBA8B /* SnapKit in Frameworks */,
			);
			runOnlyForDeploymentPostprocessing = 0;
		};
/* End PBXFrameworksBuildPhase section */

/* Begin PBXGroup section */
		8444EC1329C4D2D2009DF73F = {
			isa = PBXGroup;
			children = (
				8444EC1E29C4D2D2009DF73F /* e-Locator */,
				8444EC1D29C4D2D2009DF73F /* Products */,
			);
			sourceTree = "<group>";
		};
		8444EC1D29C4D2D2009DF73F /* Products */ = {
			isa = PBXGroup;
			children = (
				8444EC1C29C4D2D2009DF73F /* e-Locator.app */,
			);
			name = Products;
			sourceTree = "<group>";
		};
		8444EC1E29C4D2D2009DF73F /* e-Locator */ = {
			isa = PBXGroup;
			children = (
				8444EC1F29C4D2D2009DF73F /* AppDelegate.swift */,
				8444EC2329C4D2D2009DF73F /* MainViewController.swift */,
				8424884129C8551200EEBA8B /* MainView.swift */,
				84248C5A29C859FD00EEBA8B /* UIColor+Extensions.swift */,
				8424884329C8563800EEBA8B /* UIStackView+Extension.swift */,
				8424884529C8570300EEBA8B /* DynamicLabel.swift */,
				8444EC2829C4D2D3009DF73F /* Assets.xcassets */,
				8444EC2A29C4D2D3009DF73F /* LaunchScreen.storyboard */,
				8444EC2D29C4D2D3009DF73F /* Info.plist */,
				84248C5F29C871F300EEBA8B /* UIView+Extensions.swift */,
			);
			path = "e-Locator";
			sourceTree = "<group>";
		};
/* End PBXGroup section */

/* Begin PBXNativeTarget section */
		8444EC1B29C4D2D2009DF73F /* e-Locator */ = {
			isa = PBXNativeTarget;
			buildConfigurationList = 8444EC3029C4D2D3009DF73F /* Build configuration list for PBXNativeTarget "e-Locator" */;
			buildPhases = (
				8444EC1829C4D2D2009DF73F /* Sources */,
				8444EC1929C4D2D2009DF73F /* Frameworks */,
				8444EC1A29C4D2D2009DF73F /* Resources */,
			);
			buildRules = (
			);
			dependencies = (
			);
			name = "e-Locator";
			packageProductDependencies = (
				84248C5D29C8612400EEBA8B /* SnapKit */,
			);
			productName = "e-Locator";
			productReference = 8444EC1C29C4D2D2009DF73F /* e-Locator.app */;
			productType = "com.apple.product-type.application";
		};
/* End PBXNativeTarget section */

/* Begin PBXProject section */
		8444EC1429C4D2D2009DF73F /* Project object */ = {
			isa = PBXProject;
			attributes = {
				BuildIndependentTargetsInParallel = 1;
				LastSwiftUpdateCheck = 1420;
				LastUpgradeCheck = 1420;
				TargetAttributes = {
					8444EC1B29C4D2D2009DF73F = {
						CreatedOnToolsVersion = 14.2;
					};
				};
			};
			buildConfigurationList = 8444EC1729C4D2D2009DF73F /* Build configuration list for PBXProject "e-Locator" */;
			compatibilityVersion = "Xcode 14.0";
			developmentRegion = en;
			hasScannedForEncodings = 0;
			knownRegions = (
				en,
				Base,
			);
			mainGroup = 8444EC1329C4D2D2009DF73F;
			packageReferences = (
				84248C5C29C8612400EEBA8B /* XCRemoteSwiftPackageReference "SnapKit" */,
			);
			productRefGroup = 8444EC1D29C4D2D2009DF73F /* Products */;
			projectDirPath = "";
			projectRoot = "";
			targets = (
				8444EC1B29C4D2D2009DF73F /* e-Locator */,
			);
		};
/* End PBXProject section */

/* Begin PBXResourcesBuildPhase section */
		8444EC1A29C4D2D2009DF73F /* Resources */ = {
			isa = PBXResourcesBuildPhase;
			buildActionMask = 2147483647;
			files = (
				8444EC2C29C4D2D3009DF73F /* LaunchScreen.storyboard in Resources */,
				8444EC2929C4D2D3009DF73F /* Assets.xcassets in Resources */,
			);
			runOnlyForDeploymentPostprocessing = 0;
		};
/* End PBXResourcesBuildPhase section */

/* Begin PBXSourcesBuildPhase section */
		8444EC1829C4D2D2009DF73F /* Sources */ = {
			isa = PBXSourcesBuildPhase;
			buildActionMask = 2147483647;
			files = (
				8444EC2429C4D2D2009DF73F /* MainViewController.swift in Sources */,
				84248C5B29C859FD00EEBA8B /* UIColor+Extensions.swift in Sources */,
				8424884629C8570300EEBA8B /* DynamicLabel.swift in Sources */,
				8424884429C8563800EEBA8B /* UIStackView+Extension.swift in Sources */,
				8424884229C8551200EEBA8B /* MainView.swift in Sources */,
				84248C6029C871F300EEBA8B /* UIView+Extensions.swift in Sources */,
				8444EC2029C4D2D2009DF73F /* AppDelegate.swift in Sources */,
			);
			runOnlyForDeploymentPostprocessing = 0;
		};
/* End PBXSourcesBuildPhase section */

/* Begin PBXVariantGroup section */
		8444EC2A29C4D2D3009DF73F /* LaunchScreen.storyboard */ = {
			isa = PBXVariantGroup;
			children = (
				8444EC2B29C4D2D3009DF73F /* Base */,
			);
			name = LaunchScreen.storyboard;
			sourceTree = "<group>";
		};
/* End PBXVariantGroup section */

/* Begin XCBuildConfiguration section */
		8444EC2E29C4D2D3009DF73F /* Debug */ = {
			isa = XCBuildConfiguration;
			buildSettings = {
				ALWAYS_SEARCH_USER_PATHS = NO;
				CLANG_ANALYZER_NONNULL = YES;
				CLANG_ANALYZER_NUMBER_OBJECT_CONVERSION = YES_AGGRESSIVE;
				CLANG_CXX_LANGUAGE_STANDARD = "gnu++20";
				CLANG_ENABLE_MODULES = YES;
				CLANG_ENABLE_OBJC_ARC = YES;
				CLANG_ENABLE_OBJC_WEAK = YES;
				CLANG_WARN_BLOCK_CAPTURE_AUTORELEASING = YES;
				CLANG_WARN_BOOL_CONVERSION = YES;
				CLANG_WARN_COMMA = YES;
				CLANG_WARN_CONSTANT_CONVERSION = YES;
				CLANG_WARN_DEPRECATED_OBJC_IMPLEMENTATIONS = YES;
				CLANG_WARN_DIRECT_OBJC_ISA_USAGE = YES_ERROR;
				CLANG_WARN_DOCUMENTATION_COMMENTS = YES;
				CLANG_WARN_EMPTY_BODY = YES;
				CLANG_WARN_ENUM_CONVERSION = YES;
				CLANG_WARN_INFINITE_RECURSION = YES;
				CLANG_WARN_INT_CONVERSION = YES;
				CLANG_WARN_NON_LITERAL_NULL_CONVERSION = YES;
				CLANG_WARN_OBJC_IMPLICIT_RETAIN_SELF = YES;
				CLANG_WARN_OBJC_LITERAL_CONVERSION = YES;
				CLANG_WARN_OBJC_ROOT_CLASS = YES_ERROR;
				CLANG_WARN_QUOTED_INCLUDE_IN_FRAMEWORK_HEADER = YES;
				CLANG_WARN_RANGE_LOOP_ANALYSIS = YES;
				CLANG_WARN_STRICT_PROTOTYPES = YES;
				CLANG_WARN_SUSPICIOUS_MOVE = YES;
				CLANG_WARN_UNGUARDED_AVAILABILITY = YES_AGGRESSIVE;
				CLANG_WARN_UNREACHABLE_CODE = YES;
				CLANG_WARN__DUPLICATE_METHOD_MATCH = YES;
				COPY_PHASE_STRIP = NO;
				DEBUG_INFORMATION_FORMAT = dwarf;
				ENABLE_STRICT_OBJC_MSGSEND = YES;
				ENABLE_TESTABILITY = YES;
				GCC_C_LANGUAGE_STANDARD = gnu11;
				GCC_DYNAMIC_NO_PIC = NO;
				GCC_NO_COMMON_BLOCKS = YES;
				GCC_OPTIMIZATION_LEVEL = 0;
				GCC_PREPROCESSOR_DEFINITIONS = (
					"DEBUG=1",
					"$(inherited)",
				);
				GCC_WARN_64_TO_32_BIT_CONVERSION = YES;
				GCC_WARN_ABOUT_RETURN_TYPE = YES_ERROR;
				GCC_WARN_UNDECLARED_SELECTOR = YES;
				GCC_WARN_UNINITIALIZED_AUTOS = YES_AGGRESSIVE;
				GCC_WARN_UNUSED_FUNCTION = YES;
				GCC_WARN_UNUSED_VARIABLE = YES;
				IPHONEOS_DEPLOYMENT_TARGET = 16.2;
				MTL_ENABLE_DEBUG_INFO = INCLUDE_SOURCE;
				MTL_FAST_MATH = YES;
				ONLY_ACTIVE_ARCH = YES;
				SDKROOT = iphoneos;
				SWIFT_ACTIVE_COMPILATION_CONDITIONS = DEBUG;
				SWIFT_OPTIMIZATION_LEVEL = "-Onone";
			};
			name = Debug;
		};
		8444EC2F29C4D2D3009DF73F /* Release */ = {
			isa = XCBuildConfiguration;
			buildSettings = {
				ALWAYS_SEARCH_USER_PATHS = NO;
				CLANG_ANALYZER_NONNULL = YES;
				CLANG_ANALYZER_NUMBER_OBJECT_CONVERSION = YES_AGGRESSIVE;
				CLANG_CXX_LANGUAGE_STANDARD = "gnu++20";
				CLANG_ENABLE_MODULES = YES;
				CLANG_ENABLE_OBJC_ARC = YES;
				CLANG_ENABLE_OBJC_WEAK = YES;
				CLANG_WARN_BLOCK_CAPTURE_AUTORELEASING = YES;
				CLANG_WARN_BOOL_CONVERSION = YES;
				CLANG_WARN_COMMA = YES;
				CLANG_WARN_CONSTANT_CONVERSION = YES;
				CLANG_WARN_DEPRECATED_OBJC_IMPLEMENTATIONS = YES;
				CLANG_WARN_DIRECT_OBJC_ISA_USAGE = YES_ERROR;
				CLANG_WARN_DOCUMENTATION_COMMENTS = YES;
				CLANG_WARN_EMPTY_BODY = YES;
				CLANG_WARN_ENUM_CONVERSION = YES;
				CLANG_WARN_INFINITE_RECURSION = YES;
				CLANG_WARN_INT_CONVERSION = YES;
				CLANG_WARN_NON_LITERAL_NULL_CONVERSION = YES;
				CLANG_WARN_OBJC_IMPLICIT_RETAIN_SELF = YES;
				CLANG_WARN_OBJC_LITERAL_CONVERSION = YES;
				CLANG_WARN_OBJC_ROOT_CLASS = YES_ERROR;
				CLANG_WARN_QUOTED_INCLUDE_IN_FRAMEWORK_HEADER = YES;
				CLANG_WARN_RANGE_LOOP_ANALYSIS = YES;
				CLANG_WARN_STRICT_PROTOTYPES = YES;
				CLANG_WARN_SUSPICIOUS_MOVE = YES;
				CLANG_WARN_UNGUARDED_AVAILABILITY = YES_AGGRESSIVE;
				CLANG_WARN_UNREACHABLE_CODE = YES;
				CLANG_WARN__DUPLICATE_METHOD_MATCH = YES;
				COPY_PHASE_STRIP = NO;
				DEBUG_INFORMATION_FORMAT = "dwarf-with-dsym";
				ENABLE_NS_ASSERTIONS = NO;
				ENABLE_STRICT_OBJC_MSGSEND = YES;
				GCC_C_LANGUAGE_STANDARD = gnu11;
				GCC_NO_COMMON_BLOCKS = YES;
				GCC_WARN_64_TO_32_BIT_CONVERSION = YES;
				GCC_WARN_ABOUT_RETURN_TYPE = YES_ERROR;
				GCC_WARN_UNDECLARED_SELECTOR = YES;
				GCC_WARN_UNINITIALIZED_AUTOS = YES_AGGRESSIVE;
				GCC_WARN_UNUSED_FUNCTION = YES;
				GCC_WARN_UNUSED_VARIABLE = YES;
				IPHONEOS_DEPLOYMENT_TARGET = 16.2;
				MTL_ENABLE_DEBUG_INFO = NO;
				MTL_FAST_MATH = YES;
				SDKROOT = iphoneos;
				SWIFT_COMPILATION_MODE = wholemodule;
				SWIFT_OPTIMIZATION_LEVEL = "-O";
				VALIDATE_PRODUCT = YES;
			};
			name = Release;
		};
		8444EC3129C4D2D3009DF73F /* Debug */ = {
			isa = XCBuildConfiguration;
			buildSettings = {
				ASSETCATALOG_COMPILER_APPICON_NAME = AppIcon;
				ASSETCATALOG_COMPILER_GLOBAL_ACCENT_COLOR_NAME = AccentColor;
				CODE_SIGN_STYLE = Automatic;
				CURRENT_PROJECT_VERSION = 1;
				GENERATE_INFOPLIST_FILE = YES;
				INFOPLIST_FILE = "e-Locator/Info.plist";
				INFOPLIST_KEY_UIApplicationSupportsIndirectInputEvents = YES;
				INFOPLIST_KEY_UILaunchStoryboardName = LaunchScreen;
				INFOPLIST_KEY_UIMainStoryboardFile = "";
				INFOPLIST_KEY_UISupportedInterfaceOrientations_iPad = "UIInterfaceOrientationPortrait UIInterfaceOrientationPortraitUpsideDown UIInterfaceOrientationLandscapeLeft UIInterfaceOrientationLandscapeRight";
				INFOPLIST_KEY_UISupportedInterfaceOrientations_iPhone = "UIInterfaceOrientationPortrait UIInterfaceOrientationLandscapeLeft UIInterfaceOrientationLandscapeRight";
				LD_RUNPATH_SEARCH_PATHS = (
					"$(inherited)",
					"@executable_path/Frameworks",
				);
				MARKETING_VERSION = 1.0;
				PRODUCT_BUNDLE_IDENTIFIER = "com.ViktopIN.e-Locator";
				PRODUCT_NAME = "$(TARGET_NAME)";
				SWIFT_EMIT_LOC_STRINGS = YES;
				SWIFT_VERSION = 5.0;
				TARGETED_DEVICE_FAMILY = "1,2";
			};
			name = Debug;
		};
		8444EC3229C4D2D3009DF73F /* Release */ = {
			isa = XCBuildConfiguration;
			buildSettings = {
				ASSETCATALOG_COMPILER_APPICON_NAME = AppIcon;
				ASSETCATALOG_COMPILER_GLOBAL_ACCENT_COLOR_NAME = AccentColor;
				CODE_SIGN_STYLE = Automatic;
				CURRENT_PROJECT_VERSION = 1;
				GENERATE_INFOPLIST_FILE = YES;
				INFOPLIST_FILE = "e-Locator/Info.plist";
				INFOPLIST_KEY_UIApplicationSupportsIndirectInputEvents = YES;
				INFOPLIST_KEY_UILaunchStoryboardName = LaunchScreen;
				INFOPLIST_KEY_UIMainStoryboardFile = "";
				INFOPLIST_KEY_UISupportedInterfaceOrientations_iPad = "UIInterfaceOrientationPortrait UIInterfaceOrientationPortraitUpsideDown UIInterfaceOrientationLandscapeLeft UIInterfaceOrientationLandscapeRight";
				INFOPLIST_KEY_UISupportedInterfaceOrientations_iPhone = "UIInterfaceOrientationPortrait UIInterfaceOrientationLandscapeLeft UIInterfaceOrientationLandscapeRight";
				LD_RUNPATH_SEARCH_PATHS = (
					"$(inherited)",
					"@executable_path/Frameworks",
				);
				MARKETING_VERSION = 1.0;
				PRODUCT_BUNDLE_IDENTIFIER = "com.ViktopIN.e-Locator";
				PRODUCT_NAME = "$(TARGET_NAME)";
				SWIFT_EMIT_LOC_STRINGS = YES;
				SWIFT_VERSION = 5.0;
				TARGETED_DEVICE_FAMILY = "1,2";
			};
			name = Release;
		};
/* End XCBuildConfiguration section */

/* Begin XCConfigurationList section */
		8444EC1729C4D2D2009DF73F /* Build configuration list for PBXProject "e-Locator" */ = {
			isa = XCConfigurationList;
			buildConfigurations = (
				8444EC2E29C4D2D3009DF73F /* Debug */,
				8444EC2F29C4D2D3009DF73F /* Release */,
			);
			defaultConfigurationIsVisible = 0;
			defaultConfigurationName = Release;
		};
		8444EC3029C4D2D3009DF73F /* Build configuration list for PBXNativeTarget "e-Locator" */ = {
			isa = XCConfigurationList;
			buildConfigurations = (
				8444EC3129C4D2D3009DF73F /* Debug */,
				8444EC3229C4D2D3009DF73F /* Release */,
			);
			defaultConfigurationIsVisible = 0;
			defaultConfigurationName = Release;
		};
/* End XCConfigurationList section */

/* Begin XCRemoteSwiftPackageReference section */
		84248C5C29C8612400EEBA8B /* XCRemoteSwiftPackageReference "SnapKit" */ = {
			isa = XCRemoteSwiftPackageReference;
			repositoryURL = "https://github.com/SnapKit/SnapKit.git";
			requirement = {
				kind = upToNextMajorVersion;
				minimumVersion = 5.0.0;
			};
		};
/* End XCRemoteSwiftPackageReference section */

/* Begin XCSwiftPackageProductDependency section */
		84248C5D29C8612400EEBA8B /* SnapKit */ = {
			isa = XCSwiftPackageProductDependency;
			package = 84248C5C29C8612400EEBA8B /* XCRemoteSwiftPackageReference "SnapKit" */;
			productName = SnapKit;
		};
/* End XCSwiftPackageProductDependency section */
	};
	rootObject = 8444EC1429C4D2D2009DF73F /* Project object */;
}
